
Microsoft Visual Studio Solution File, Format Version 12.00
# Visual Studio Version 17
VisualStudioVersion = 17.0.31903.59
MinimumVisualStudioVersion = 10.0.40219.1
Project("{FAE04EC0-301F-11D3-BF4B-00C04F79EFBC}") = "Api", "Api\Api.csproj", "{F6E8F20F-3937-41AB-97C2-796A03CD03BA}"
EndProject
Project("{FAE04EC0-301F-11D3-BF4B-00C04F79EFBC}") = "Application", "Application\Application.csproj", "{A6CA87B4-D1FE-42C2-94E2-E03F605008FC}"
EndProject
Project("{FAE04EC0-301F-11D3-BF4B-00C04F79EFBC}") = "Domain", "Domain\Domain.csproj", "{4282B34E-7F12-4287-B85A-417CC679198F}"
EndProject
Project("{FAE04EC0-301F-11D3-BF4B-00C04F79EFBC}") = "Infrastructure", "Infrastructure\Infrastructure.csproj", "{C14A6296-3223-412D-BE98-79A127398483}"
EndProject
Global
	GlobalSection(SolutionConfigurationPlatforms) = preSolution
		Debug|Any CPU = Debug|Any CPU
		Release|Any CPU = Release|Any CPU
	EndGlobalSection
	GlobalSection(SolutionProperties) = preSolution
		HideSolutionNode = FALSE
	EndGlobalSection
	GlobalSection(ProjectConfigurationPlatforms) = postSolution
		{F6E8F20F-3937-41AB-97C2-796A03CD03BA}.Debug|Any CPU.ActiveCfg = Debug|Any CPU
		{F6E8F20F-3937-41AB-97C2-796A03CD03BA}.Debug|Any CPU.Build.0 = Debug|Any CPU
		{F6E8F20F-3937-41AB-97C2-796A03CD03BA}.Release|Any CPU.ActiveCfg = Release|Any CPU
		{F6E8F20F-3937-41AB-97C2-796A03CD03BA}.Release|Any CPU.Build.0 = Release|Any CPU
		{A6CA87B4-D1FE-42C2-94E2-E03F605008FC}.Debug|Any CPU.ActiveCfg = Debug|Any CPU
		{A6CA87B4-D1FE-42C2-94E2-E03F605008FC}.Debug|Any CPU.Build.0 = Debug|Any CPU
		{A6CA87B4-D1FE-42C2-94E2-E03F605008FC}.Release|Any CPU.ActiveCfg = Release|Any CPU
		{A6CA87B4-D1FE-42C2-94E2-E03F605008FC}.Release|Any CPU.Build.0 = Release|Any CPU
		{4282B34E-7F12-4287-B85A-417CC679198F}.Debug|Any CPU.ActiveCfg = Debug|Any CPU
		{4282B34E-7F12-4287-B85A-417CC679198F}.Debug|Any CPU.Build.0 = Debug|Any CPU
		{4282B34E-7F12-4287-B85A-417CC679198F}.Release|Any CPU.ActiveCfg = Release|Any CPU
		{4282B34E-7F12-4287-B85A-417CC679198F}.Release|Any CPU.Build.0 = Release|Any CPU
		{F8A0F3B1-6B04-4AE5-9843-EC014430FEC7}.Debug|Any CPU.ActiveCfg = Debug|Any CPU
		{F8A0F3B1-6B04-4AE5-9843-EC014430FEC7}.Debug|Any CPU.Build.0 = Debug|Any CPU
		{F8A0F3B1-6B04-4AE5-9843-EC014430FEC7}.Release|Any CPU.ActiveCfg = Release|Any CPU
		{F8A0F3B1-6B04-4AE5-9843-EC014430FEC7}.Release|Any CPU.Build.0 = Release|Any CPU
		{C14A6296-3223-412D-BE98-79A127398483}.Debug|Any CPU.ActiveCfg = Debug|Any CPU
		{C14A6296-3223-412D-BE98-79A127398483}.Debug|Any CPU.Build.0 = Debug|Any CPU
		{C14A6296-3223-412D-BE98-79A127398483}.Release|Any CPU.ActiveCfg = Release|Any CPU
		{C14A6296-3223-412D-BE98-79A127398483}.Release|Any CPU.Build.0 = Release|Any CPU
	EndGlobalSection
EndGlobal
